
Microsoft Visual Studio Solution File, Format Version 12.00
# Visual Studio Version 17
VisualStudioVersion = 17.11.35222.181
MinimumVisualStudioVersion = 10.0.40219.1
Project("{FAE04EC0-301F-11D3-BF4B-00C04F79EFBC}") = "UrlShortener2", "UrlShortener2\UrlShortener2.csproj", "{B44053F6-977B-4098-8912-296ADF0553F8}"
EndProject
Global
	GlobalSection(SolutionConfigurationPlatforms) = preSolution
		Debug|Any CPU = Debug|Any CPU
		Release|Any CPU = Release|Any CPU
	EndGlobalSection
	GlobalSection(ProjectConfigurationPlatforms) = postSolution
		{B44053F6-977B-4098-8912-296ADF0553F8}.Debug|Any CPU.ActiveCfg = Debug|Any CPU
		{B44053F6-977B-4098-8912-296ADF0553F8}.Debug|Any CPU.Build.0 = Debug|Any CPU
		{B44053F6-977B-4098-8912-296ADF0553F8}.Release|Any CPU.ActiveCfg = Release|Any CPU
		{B44053F6-977B-4098-8912-296ADF0553F8}.Release|Any CPU.Build.0 = Release|Any CPU
	EndGlobalSection
	GlobalSection(SolutionProperties) = preSolution
		HideSolutionNode = FALSE
	EndGlobalSection
	GlobalSection(ExtensibilityGlobals) = postSolution
		SolutionGuid = {4D4EB8F1-2208-42A6-A04C-0515B0889559}
	EndGlobalSection
EndGlobal
